// !$*UTF8*$!
{
	archiveVersion = 1;
	classes = {
	};
	objectVersion = 50;
	objects = {

/* Begin PBXBuildFile section */
		034CC4912251A1ED00953FC3 /* InAppViewDebugger.h in Headers */ = {isa = PBXBuildFile; fileRef = 034CC48F2251A1ED00953FC3 /* InAppViewDebugger.h */; settings = {ATTRIBUTES = (Public, ); }; };
		034CC49A2251A22200953FC3 /* Element.swift in Sources */ = {isa = PBXBuildFile; fileRef = 034CC4972251A22200953FC3 /* Element.swift */; };
		034CC49B2251A22200953FC3 /* UIView+Element.swift in Sources */ = {isa = PBXBuildFile; fileRef = 034CC4982251A22200953FC3 /* UIView+Element.swift */; };
		034CC49C2251A22200953FC3 /* SnapshotViewController.swift in Sources */ = {isa = PBXBuildFile; fileRef = 034CC4992251A22200953FC3 /* SnapshotViewController.swift */; };
		034CC4A42251A24C00953FC3 /* AppDelegate.swift in Sources */ = {isa = PBXBuildFile; fileRef = 034CC4A32251A24C00953FC3 /* AppDelegate.swift */; };
		034CC4A62251A24C00953FC3 /* ViewController.swift in Sources */ = {isa = PBXBuildFile; fileRef = 034CC4A52251A24C00953FC3 /* ViewController.swift */; };
		034CC4A92251A24C00953FC3 /* Main.storyboard in Resources */ = {isa = PBXBuildFile; fileRef = 034CC4A72251A24C00953FC3 /* Main.storyboard */; };
		034CC4AB2251A24D00953FC3 /* Assets.xcassets in Resources */ = {isa = PBXBuildFile; fileRef = 034CC4AA2251A24D00953FC3 /* Assets.xcassets */; };
		034CC4AE2251A24D00953FC3 /* LaunchScreen.storyboard in Resources */ = {isa = PBXBuildFile; fileRef = 034CC4AC2251A24D00953FC3 /* LaunchScreen.storyboard */; };
		034CC4B32251A27F00953FC3 /* InAppViewDebugger.framework in Frameworks */ = {isa = PBXBuildFile; fileRef = 034CC48C2251A1ED00953FC3 /* InAppViewDebugger.framework */; };
		034CC4B42251A27F00953FC3 /* InAppViewDebugger.framework in Embed Frameworks */ = {isa = PBXBuildFile; fileRef = 034CC48C2251A1ED00953FC3 /* InAppViewDebugger.framework */; settings = {ATTRIBUTES = (CodeSignOnCopy, RemoveHeadersOnCopy, ); }; };
/* End PBXBuildFile section */

/* Begin PBXContainerItemProxy section */
		034CC4B52251A27F00953FC3 /* PBXContainerItemProxy */ = {
			isa = PBXContainerItemProxy;
			containerPortal = 034CC4832251A1ED00953FC3 /* Project object */;
			proxyType = 1;
			remoteGlobalIDString = 034CC48B2251A1ED00953FC3;
			remoteInfo = InAppViewDebugger;
		};
/* End PBXContainerItemProxy section */

/* Begin PBXCopyFilesBuildPhase section */
		034CC4B72251A27F00953FC3 /* Embed Frameworks */ = {
			isa = PBXCopyFilesBuildPhase;
			buildActionMask = 2147483647;
			dstPath = "";
			dstSubfolderSpec = 10;
			files = (
				034CC4B42251A27F00953FC3 /* InAppViewDebugger.framework in Embed Frameworks */,
			);
			name = "Embed Frameworks";
			runOnlyForDeploymentPostprocessing = 0;
		};
/* End PBXCopyFilesBuildPhase section */

/* Begin PBXFileReference section */
		034CC48C2251A1ED00953FC3 /* InAppViewDebugger.framework */ = {isa = PBXFileReference; explicitFileType = wrapper.framework; includeInIndex = 0; path = InAppViewDebugger.framework; sourceTree = BUILT_PRODUCTS_DIR; };
		034CC48F2251A1ED00953FC3 /* InAppViewDebugger.h */ = {isa = PBXFileReference; lastKnownFileType = sourcecode.c.h; path = InAppViewDebugger.h; sourceTree = "<group>"; };
		034CC4902251A1ED00953FC3 /* Info.plist */ = {isa = PBXFileReference; lastKnownFileType = text.plist.xml; path = Info.plist; sourceTree = "<group>"; };
		034CC4972251A22200953FC3 /* Element.swift */ = {isa = PBXFileReference; fileEncoding = 4; lastKnownFileType = sourcecode.swift; path = Element.swift; sourceTree = "<group>"; };
		034CC4982251A22200953FC3 /* UIView+Element.swift */ = {isa = PBXFileReference; fileEncoding = 4; lastKnownFileType = sourcecode.swift; path = "UIView+Element.swift"; sourceTree = "<group>"; };
		034CC4992251A22200953FC3 /* SnapshotViewController.swift */ = {isa = PBXFileReference; fileEncoding = 4; lastKnownFileType = sourcecode.swift; path = SnapshotViewController.swift; sourceTree = "<group>"; };
		034CC4A12251A24C00953FC3 /* Example-iOS.app */ = {isa = PBXFileReference; explicitFileType = wrapper.application; includeInIndex = 0; path = "Example-iOS.app"; sourceTree = BUILT_PRODUCTS_DIR; };
		034CC4A32251A24C00953FC3 /* AppDelegate.swift */ = {isa = PBXFileReference; lastKnownFileType = sourcecode.swift; path = AppDelegate.swift; sourceTree = "<group>"; };
		034CC4A52251A24C00953FC3 /* ViewController.swift */ = {isa = PBXFileReference; lastKnownFileType = sourcecode.swift; path = ViewController.swift; sourceTree = "<group>"; };
		034CC4A82251A24C00953FC3 /* Base */ = {isa = PBXFileReference; lastKnownFileType = file.storyboard; name = Base; path = Base.lproj/Main.storyboard; sourceTree = "<group>"; };
		034CC4AA2251A24D00953FC3 /* Assets.xcassets */ = {isa = PBXFileReference; lastKnownFileType = folder.assetcatalog; path = Assets.xcassets; sourceTree = "<group>"; };
		034CC4AD2251A24D00953FC3 /* Base */ = {isa = PBXFileReference; lastKnownFileType = file.storyboard; name = Base; path = Base.lproj/LaunchScreen.storyboard; sourceTree = "<group>"; };
		034CC4AF2251A24D00953FC3 /* Info.plist */ = {isa = PBXFileReference; lastKnownFileType = text.plist.xml; path = Info.plist; sourceTree = "<group>"; };
/* End PBXFileReference section */

/* Begin PBXFrameworksBuildPhase section */
		034CC4892251A1ED00953FC3 /* Frameworks */ = {
			isa = PBXFrameworksBuildPhase;
			buildActionMask = 2147483647;
			files = (
			);
			runOnlyForDeploymentPostprocessing = 0;
		};
		034CC49E2251A24C00953FC3 /* Frameworks */ = {
			isa = PBXFrameworksBuildPhase;
			buildActionMask = 2147483647;
			files = (
				034CC4B32251A27F00953FC3 /* InAppViewDebugger.framework in Frameworks */,
			);
			runOnlyForDeploymentPostprocessing = 0;
		};
/* End PBXFrameworksBuildPhase section */

/* Begin PBXGroup section */
		034CC4822251A1ED00953FC3 = {
			isa = PBXGroup;
			children = (
				034CC48E2251A1ED00953FC3 /* InAppViewDebugger */,
				034CC4A22251A24C00953FC3 /* Example-iOS */,
				034CC48D2251A1ED00953FC3 /* Products */,
			);
			sourceTree = "<group>";
		};
		034CC48D2251A1ED00953FC3 /* Products */ = {
			isa = PBXGroup;
			children = (
				034CC48C2251A1ED00953FC3 /* InAppViewDebugger.framework */,
				034CC4A12251A24C00953FC3 /* Example-iOS.app */,
			);
			name = Products;
			sourceTree = "<group>";
		};
		034CC48E2251A1ED00953FC3 /* InAppViewDebugger */ = {
			isa = PBXGroup;
			children = (
				034CC4972251A22200953FC3 /* Element.swift */,
				034CC4992251A22200953FC3 /* SnapshotViewController.swift */,
				034CC4982251A22200953FC3 /* UIView+Element.swift */,
				034CC48F2251A1ED00953FC3 /* InAppViewDebugger.h */,
				034CC4902251A1ED00953FC3 /* Info.plist */,
			);
			path = InAppViewDebugger;
			sourceTree = "<group>";
		};
		034CC4A22251A24C00953FC3 /* Example-iOS */ = {
			isa = PBXGroup;
			children = (
				034CC4A32251A24C00953FC3 /* AppDelegate.swift */,
				034CC4A52251A24C00953FC3 /* ViewController.swift */,
				034CC4A72251A24C00953FC3 /* Main.storyboard */,
				034CC4AA2251A24D00953FC3 /* Assets.xcassets */,
				034CC4AC2251A24D00953FC3 /* LaunchScreen.storyboard */,
				034CC4AF2251A24D00953FC3 /* Info.plist */,
			);
			path = "Example-iOS";
			sourceTree = "<group>";
		};
/* End PBXGroup section */

/* Begin PBXHeadersBuildPhase section */
		034CC4872251A1ED00953FC3 /* Headers */ = {
			isa = PBXHeadersBuildPhase;
			buildActionMask = 2147483647;
			files = (
				034CC4912251A1ED00953FC3 /* InAppViewDebugger.h in Headers */,
			);
			runOnlyForDeploymentPostprocessing = 0;
		};
/* End PBXHeadersBuildPhase section */

/* Begin PBXNativeTarget section */
		034CC48B2251A1ED00953FC3 /* InAppViewDebugger */ = {
			isa = PBXNativeTarget;
			buildConfigurationList = 034CC4942251A1ED00953FC3 /* Build configuration list for PBXNativeTarget "InAppViewDebugger" */;
			buildPhases = (
				034CC4872251A1ED00953FC3 /* Headers */,
				034CC4882251A1ED00953FC3 /* Sources */,
				034CC4892251A1ED00953FC3 /* Frameworks */,
				034CC48A2251A1ED00953FC3 /* Resources */,
			);
			buildRules = (
			);
			dependencies = (
			);
			name = InAppViewDebugger;
			productName = InAppViewDebugger;
			productReference = 034CC48C2251A1ED00953FC3 /* InAppViewDebugger.framework */;
			productType = "com.apple.product-type.framework";
		};
		034CC4A02251A24C00953FC3 /* Example-iOS */ = {
			isa = PBXNativeTarget;
			buildConfigurationList = 034CC4B02251A24D00953FC3 /* Build configuration list for PBXNativeTarget "Example-iOS" */;
			buildPhases = (
				034CC49D2251A24C00953FC3 /* Sources */,
				034CC49E2251A24C00953FC3 /* Frameworks */,
				034CC49F2251A24C00953FC3 /* Resources */,
				034CC4B72251A27F00953FC3 /* Embed Frameworks */,
			);
			buildRules = (
			);
			dependencies = (
				034CC4B62251A27F00953FC3 /* PBXTargetDependency */,
			);
			name = "Example-iOS";
			productName = "Example-iOS";
			productReference = 034CC4A12251A24C00953FC3 /* Example-iOS.app */;
			productType = "com.apple.product-type.application";
		};
/* End PBXNativeTarget section */

/* Begin PBXProject section */
		034CC4832251A1ED00953FC3 /* Project object */ = {
			isa = PBXProject;
			attributes = {
				LastSwiftUpdateCheck = 1020;
				LastUpgradeCheck = 1020;
				ORGANIZATIONNAME = "Indragie Karunaratne";
				TargetAttributes = {
					034CC48B2251A1ED00953FC3 = {
						CreatedOnToolsVersion = 10.2;
						LastSwiftMigration = 1020;
					};
					034CC4A02251A24C00953FC3 = {
						CreatedOnToolsVersion = 10.2;
					};
				};
			};
			buildConfigurationList = 034CC4862251A1ED00953FC3 /* Build configuration list for PBXProject "InAppViewDebugger" */;
			compatibilityVersion = "Xcode 9.3";
			developmentRegion = en;
			hasScannedForEncodings = 0;
			knownRegions = (
				en,
				Base,
			);
			mainGroup = 034CC4822251A1ED00953FC3;
			productRefGroup = 034CC48D2251A1ED00953FC3 /* Products */;
			projectDirPath = "";
			projectRoot = "";
			targets = (
				034CC48B2251A1ED00953FC3 /* InAppViewDebugger */,
				034CC4A02251A24C00953FC3 /* Example-iOS */,
			);
		};
/* End PBXProject section */

/* Begin PBXResourcesBuildPhase section */
		034CC48A2251A1ED00953FC3 /* Resources */ = {
			isa = PBXResourcesBuildPhase;
			buildActionMask = 2147483647;
			files = (
			);
			runOnlyForDeploymentPostprocessing = 0;
		};
		034CC49F2251A24C00953FC3 /* Resources */ = {
			isa = PBXResourcesBuildPhase;
			buildActionMask = 2147483647;
			files = (
				034CC4AE2251A24D00953FC3 /* LaunchScreen.storyboard in Resources */,
				034CC4AB2251A24D00953FC3 /* Assets.xcassets in Resources */,
				034CC4A92251A24C00953FC3 /* Main.storyboard in Resources */,
			);
			runOnlyForDeploymentPostprocessing = 0;
		};
/* End PBXResourcesBuildPhase section */

/* Begin PBXSourcesBuildPhase section */
		034CC4882251A1ED00953FC3 /* Sources */ = {
			isa = PBXSourcesBuildPhase;
			buildActionMask = 2147483647;
			files = (
				034CC49A2251A22200953FC3 /* Element.swift in Sources */,
				034CC49C2251A22200953FC3 /* SnapshotViewController.swift in Sources */,
				034CC49B2251A22200953FC3 /* UIView+Element.swift in Sources */,
			);
			runOnlyForDeploymentPostprocessing = 0;
		};
		034CC49D2251A24C00953FC3 /* Sources */ = {
			isa = PBXSourcesBuildPhase;
			buildActionMask = 2147483647;
			files = (
				034CC4A62251A24C00953FC3 /* ViewController.swift in Sources */,
				034CC4A42251A24C00953FC3 /* AppDelegate.swift in Sources */,
			);
			runOnlyForDeploymentPostprocessing = 0;
		};
/* End PBXSourcesBuildPhase section */

/* Begin PBXTargetDependency section */
		034CC4B62251A27F00953FC3 /* PBXTargetDependency */ = {
			isa = PBXTargetDependency;
			target = 034CC48B2251A1ED00953FC3 /* InAppViewDebugger */;
			targetProxy = 034CC4B52251A27F00953FC3 /* PBXContainerItemProxy */;
		};
/* End PBXTargetDependency section */

/* Begin PBXVariantGroup section */
		034CC4A72251A24C00953FC3 /* Main.storyboard */ = {
			isa = PBXVariantGroup;
			children = (
				034CC4A82251A24C00953FC3 /* Base */,
			);
			name = Main.storyboard;
			sourceTree = "<group>";
		};
		034CC4AC2251A24D00953FC3 /* LaunchScreen.storyboard */ = {
			isa = PBXVariantGroup;
			children = (
				034CC4AD2251A24D00953FC3 /* Base */,
			);
			name = LaunchScreen.storyboard;
			sourceTree = "<group>";
		};
/* End PBXVariantGroup section */

/* Begin XCBuildConfiguration section */
		034CC4922251A1ED00953FC3 /* Debug */ = {
			isa = XCBuildConfiguration;
			buildSettings = {
				ALWAYS_SEARCH_USER_PATHS = NO;
				CLANG_ANALYZER_NONNULL = YES;
				CLANG_ANALYZER_NUMBER_OBJECT_CONVERSION = YES_AGGRESSIVE;
				CLANG_CXX_LANGUAGE_STANDARD = "gnu++14";
				CLANG_CXX_LIBRARY = "libc++";
				CLANG_ENABLE_MODULES = YES;
				CLANG_ENABLE_OBJC_ARC = YES;
				CLANG_ENABLE_OBJC_WEAK = YES;
				CLANG_WARN_BLOCK_CAPTURE_AUTORELEASING = YES;
				CLANG_WARN_BOOL_CONVERSION = YES;
				CLANG_WARN_COMMA = YES;
				CLANG_WARN_CONSTANT_CONVERSION = YES;
				CLANG_WARN_DEPRECATED_OBJC_IMPLEMENTATIONS = YES;
				CLANG_WARN_DIRECT_OBJC_ISA_USAGE = YES_ERROR;
				CLANG_WARN_DOCUMENTATION_COMMENTS = YES;
				CLANG_WARN_EMPTY_BODY = YES;
				CLANG_WARN_ENUM_CONVERSION = YES;
				CLANG_WARN_INFINITE_RECURSION = YES;
				CLANG_WARN_INT_CONVERSION = YES;
				CLANG_WARN_NON_LITERAL_NULL_CONVERSION = YES;
				CLANG_WARN_OBJC_IMPLICIT_RETAIN_SELF = YES;
				CLANG_WARN_OBJC_LITERAL_CONVERSION = YES;
				CLANG_WARN_OBJC_ROOT_CLASS = YES_ERROR;
				CLANG_WARN_RANGE_LOOP_ANALYSIS = YES;
				CLANG_WARN_STRICT_PROTOTYPES = YES;
				CLANG_WARN_SUSPICIOUS_MOVE = YES;
				CLANG_WARN_UNGUARDED_AVAILABILITY = YES_AGGRESSIVE;
				CLANG_WARN_UNREACHABLE_CODE = YES;
				CLANG_WARN__DUPLICATE_METHOD_MATCH = YES;
				CODE_SIGN_IDENTITY = "iPhone Developer";
				COPY_PHASE_STRIP = NO;
				CURRENT_PROJECT_VERSION = 1;
				DEBUG_INFORMATION_FORMAT = dwarf;
				ENABLE_STRICT_OBJC_MSGSEND = YES;
				ENABLE_TESTABILITY = YES;
				GCC_C_LANGUAGE_STANDARD = gnu11;
				GCC_DYNAMIC_NO_PIC = NO;
				GCC_NO_COMMON_BLOCKS = YES;
				GCC_OPTIMIZATION_LEVEL = 0;
				GCC_PREPROCESSOR_DEFINITIONS = (
					"DEBUG=1",
					"$(inherited)",
				);
				GCC_WARN_64_TO_32_BIT_CONVERSION = YES;
				GCC_WARN_ABOUT_RETURN_TYPE = YES_ERROR;
				GCC_WARN_UNDECLARED_SELECTOR = YES;
				GCC_WARN_UNINITIALIZED_AUTOS = YES_AGGRESSIVE;
				GCC_WARN_UNUSED_FUNCTION = YES;
				GCC_WARN_UNUSED_VARIABLE = YES;
				IPHONEOS_DEPLOYMENT_TARGET = 12.2;
				MTL_ENABLE_DEBUG_INFO = INCLUDE_SOURCE;
				MTL_FAST_MATH = YES;
				ONLY_ACTIVE_ARCH = YES;
				SDKROOT = iphoneos;
				SWIFT_ACTIVE_COMPILATION_CONDITIONS = DEBUG;
				SWIFT_OPTIMIZATION_LEVEL = "-Onone";
				VERSIONING_SYSTEM = "apple-generic";
				VERSION_INFO_PREFIX = "";
			};
			name = Debug;
		};
		034CC4932251A1ED00953FC3 /* Release */ = {
			isa = XCBuildConfiguration;
			buildSettings = {
				ALWAYS_SEARCH_USER_PATHS = NO;
				CLANG_ANALYZER_NONNULL = YES;
				CLANG_ANALYZER_NUMBER_OBJECT_CONVERSION = YES_AGGRESSIVE;
				CLANG_CXX_LANGUAGE_STANDARD = "gnu++14";
				CLANG_CXX_LIBRARY = "libc++";
				CLANG_ENABLE_MODULES = YES;
				CLANG_ENABLE_OBJC_ARC = YES;
				CLANG_ENABLE_OBJC_WEAK = YES;
				CLANG_WARN_BLOCK_CAPTURE_AUTORELEASING = YES;
				CLANG_WARN_BOOL_CONVERSION = YES;
				CLANG_WARN_COMMA = YES;
				CLANG_WARN_CONSTANT_CONVERSION = YES;
				CLANG_WARN_DEPRECATED_OBJC_IMPLEMENTATIONS = YES;
				CLANG_WARN_DIRECT_OBJC_ISA_USAGE = YES_ERROR;
				CLANG_WARN_DOCUMENTATION_COMMENTS = YES;
				CLANG_WARN_EMPTY_BODY = YES;
				CLANG_WARN_ENUM_CONVERSION = YES;
				CLANG_WARN_INFINITE_RECURSION = YES;
				CLANG_WARN_INT_CONVERSION = YES;
				CLANG_WARN_NON_LITERAL_NULL_CONVERSION = YES;
				CLANG_WARN_OBJC_IMPLICIT_RETAIN_SELF = YES;
				CLANG_WARN_OBJC_LITERAL_CONVERSION = YES;
				CLANG_WARN_OBJC_ROOT_CLASS = YES_ERROR;
				CLANG_WARN_RANGE_LOOP_ANALYSIS = YES;
				CLANG_WARN_STRICT_PROTOTYPES = YES;
				CLANG_WARN_SUSPICIOUS_MOVE = YES;
				CLANG_WARN_UNGUARDED_AVAILABILITY = YES_AGGRESSIVE;
				CLANG_WARN_UNREACHABLE_CODE = YES;
				CLANG_WARN__DUPLICATE_METHOD_MATCH = YES;
				CODE_SIGN_IDENTITY = "iPhone Developer";
				COPY_PHASE_STRIP = NO;
				CURRENT_PROJECT_VERSION = 1;
				DEBUG_INFORMATION_FORMAT = "dwarf-with-dsym";
				ENABLE_NS_ASSERTIONS = NO;
				ENABLE_STRICT_OBJC_MSGSEND = YES;
				GCC_C_LANGUAGE_STANDARD = gnu11;
				GCC_NO_COMMON_BLOCKS = YES;
				GCC_WARN_64_TO_32_BIT_CONVERSION = YES;
				GCC_WARN_ABOUT_RETURN_TYPE = YES_ERROR;
				GCC_WARN_UNDECLARED_SELECTOR = YES;
				GCC_WARN_UNINITIALIZED_AUTOS = YES_AGGRESSIVE;
				GCC_WARN_UNUSED_FUNCTION = YES;
				GCC_WARN_UNUSED_VARIABLE = YES;
				IPHONEOS_DEPLOYMENT_TARGET = 12.2;
				MTL_ENABLE_DEBUG_INFO = NO;
				MTL_FAST_MATH = YES;
				SDKROOT = iphoneos;
				SWIFT_COMPILATION_MODE = wholemodule;
				SWIFT_OPTIMIZATION_LEVEL = "-O";
				VALIDATE_PRODUCT = YES;
				VERSIONING_SYSTEM = "apple-generic";
				VERSION_INFO_PREFIX = "";
			};
			name = Release;
		};
		034CC4952251A1ED00953FC3 /* Debug */ = {
			isa = XCBuildConfiguration;
			buildSettings = {
				CLANG_ENABLE_MODULES = YES;
				CODE_SIGN_IDENTITY = "";
				CODE_SIGN_STYLE = Automatic;
				DEFINES_MODULE = YES;
				DYLIB_COMPATIBILITY_VERSION = 1;
				DYLIB_CURRENT_VERSION = 1;
				DYLIB_INSTALL_NAME_BASE = "@rpath";
				INFOPLIST_FILE = InAppViewDebugger/Info.plist;
				INSTALL_PATH = "$(LOCAL_LIBRARY_DIR)/Frameworks";
				LD_RUNPATH_SEARCH_PATHS = (
					"$(inherited)",
					"@executable_path/Frameworks",
					"@loader_path/Frameworks",
				);
				PRODUCT_BUNDLE_IDENTIFIER = com.indragie.InAppViewDebugger;
				PRODUCT_NAME = "$(TARGET_NAME:c99extidentifier)";
				SKIP_INSTALL = YES;
				SWIFT_OPTIMIZATION_LEVEL = "-Onone";
				SWIFT_VERSION = 5.0;
				TARGETED_DEVICE_FAMILY = "1,2";
			};
			name = Debug;
		};
		034CC4962251A1ED00953FC3 /* Release */ = {
			isa = XCBuildConfiguration;
			buildSettings = {
				CLANG_ENABLE_MODULES = YES;
				CODE_SIGN_IDENTITY = "";
				CODE_SIGN_STYLE = Automatic;
				DEFINES_MODULE = YES;
				DYLIB_COMPATIBILITY_VERSION = 1;
				DYLIB_CURRENT_VERSION = 1;
				DYLIB_INSTALL_NAME_BASE = "@rpath";
				INFOPLIST_FILE = InAppViewDebugger/Info.plist;
				INSTALL_PATH = "$(LOCAL_LIBRARY_DIR)/Frameworks";
				LD_RUNPATH_SEARCH_PATHS = (
					"$(inherited)",
					"@executable_path/Frameworks",
					"@loader_path/Frameworks",
				);
				PRODUCT_BUNDLE_IDENTIFIER = com.indragie.InAppViewDebugger;
				PRODUCT_NAME = "$(TARGET_NAME:c99extidentifier)";
				SKIP_INSTALL = YES;
				SWIFT_VERSION = 5.0;
				TARGETED_DEVICE_FAMILY = "1,2";
			};
			name = Release;
		};
		034CC4B12251A24D00953FC3 /* Debug */ = {
			isa = XCBuildConfiguration;
			buildSettings = {
				ALWAYS_EMBED_SWIFT_STANDARD_LIBRARIES = YES;
				ASSETCATALOG_COMPILER_APPICON_NAME = AppIcon;
				CODE_SIGN_STYLE = Automatic;
				INFOPLIST_FILE = "Example-iOS/Info.plist";
				LD_RUNPATH_SEARCH_PATHS = (
					"$(inherited)",
					"@executable_path/Frameworks",
				);
				PRODUCT_BUNDLE_IDENTIFIER = "com.indragie.InAppViewDebugger.Example-iOS";
				PRODUCT_NAME = "$(TARGET_NAME)";
				SWIFT_VERSION = 5.0;
				TARGETED_DEVICE_FAMILY = "1,2";
			};
			name = Debug;
		};
		034CC4B22251A24D00953FC3 /* Release */ = {
			isa = XCBuildConfiguration;
			buildSettings = {
				ALWAYS_EMBED_SWIFT_STANDARD_LIBRARIES = YES;
				ASSETCATALOG_COMPILER_APPICON_NAME = AppIcon;
				CODE_SIGN_STYLE = Automatic;
				INFOPLIST_FILE = "Example-iOS/Info.plist";
				LD_RUNPATH_SEARCH_PATHS = (
					"$(inherited)",
					"@executable_path/Frameworks",
				);
				PRODUCT_BUNDLE_IDENTIFIER = "com.indragie.InAppViewDebugger.Example-iOS";
				PRODUCT_NAME = "$(TARGET_NAME)";
				SWIFT_VERSION = 5.0;
				TARGETED_DEVICE_FAMILY = "1,2";
			};
			name = Release;
		};
/* End XCBuildConfiguration section */

/* Begin XCConfigurationList section */
		034CC4862251A1ED00953FC3 /* Build configuration list for PBXProject "InAppViewDebugger" */ = {
			isa = XCConfigurationList;
			buildConfigurations = (
				034CC4922251A1ED00953FC3 /* Debug */,
				034CC4932251A1ED00953FC3 /* Release */,
			);
			defaultConfigurationIsVisible = 0;
			defaultConfigurationName = Release;
		};
		034CC4942251A1ED00953FC3 /* Build configuration list for PBXNativeTarget "InAppViewDebugger" */ = {
			isa = XCConfigurationList;
			buildConfigurations = (
				034CC4952251A1ED00953FC3 /* Debug */,
				034CC4962251A1ED00953FC3 /* Release */,
			);
			defaultConfigurationIsVisible = 0;
			defaultConfigurationName = Release;
		};
		034CC4B02251A24D00953FC3 /* Build configuration list for PBXNativeTarget "Example-iOS" */ = {
			isa = XCConfigurationList;
			buildConfigurations = (
				034CC4B12251A24D00953FC3 /* Debug */,
				034CC4B22251A24D00953FC3 /* Release */,
			);
			defaultConfigurationIsVisible = 0;
			defaultConfigurationName = Release;
		};
/* End XCConfigurationList section */
	};
	rootObject = 034CC4832251A1ED00953FC3 /* Project object */;
}
